{
    "_readme": [
        "This file locks the dependencies of your project to a known state",
        "Read more about it at http://getcomposer.org/doc/01-basic-usage.md#composer-lock-the-lock-file",
        "This file is @generated automatically"
    ],
    "hash": "c68126f725acd12d5273f99d98458b41",
    "packages": [
        {
            "name": "lgladdy/cubesensors",
            "version": "dev-dev",
            "source": {
                "type": "git",
                "url": "https://github.com/lgladdy/cubesensors-for-php.git",
                "reference": "a27f1b8a7d02379d11a3ff85eb86fe092e965eee"
            },
            "dist": {
                "type": "zip",
                "url": "https://api.github.com/repos/lgladdy/cubesensors-for-php/zipball/a27f1b8a7d02379d11a3ff85eb86fe092e965eee",
                "reference": "a27f1b8a7d02379d11a3ff85eb86fe092e965eee",
                "shasum": ""
            },
            "require": {
                "php": ">=5.4.0"
            },
            "type": "library",
            "autoload": {
                "psr-4": {
                    "lgladdy\\CubeSensors\\": "src"
                }
            },
            "license": [
                "Apache-2.0"
            ],
            "authors": [
                {
                    "name": "Liam Gladdy",
                    "email": "liam@gladdy.co.uk"
                }
            ],
            "description": "A CubeSensors API library for PHP",
            "support": {
                "source": "https://github.com/lgladdy/cubesensors-for-php/tree/dev",
                "issues": "https://github.com/lgladdy/cubesensors-for-php/issues"
            },
            "time": "2015-01-04 17:39:29"
        }
    ],
    "packages-dev": [],
    "aliases": [],
    "minimum-stability": "dev",
    "stability-flags": {
        "lgladdy/cubesensors": 20
    },
    "prefer-stable": false,
    "prefer-lowest": false,
    "platform": [],
    "platform-dev": []
}
